
Microsoft Visual Studio Solution File, Format Version 12.00
# Visual Studio 15
VisualStudioVersion = 15.0.28307.438
MinimumVisualStudioVersion = 10.0.40219.1
Project("{FAE04EC0-301F-11D3-BF4B-00C04F79EFBC}") = "RobotClient(Kuka_youBot)", "RobotClient(Kuka_youBot)\RobotClient(Kuka_youBot).csproj", "{FFF9C8B8-4007-4A4C-A1D6-51809F8052E9}"
EndProject
Global
	GlobalSection(SolutionConfigurationPlatforms) = preSolution
		Debug|Any CPU = Debug|Any CPU
		Release|Any CPU = Release|Any CPU
	EndGlobalSection
	GlobalSection(ProjectConfigurationPlatforms) = postSolution
		{FFF9C8B8-4007-4A4C-A1D6-51809F8052E9}.Debug|Any CPU.ActiveCfg = Debug|Any CPU
		{FFF9C8B8-4007-4A4C-A1D6-51809F8052E9}.Debug|Any CPU.Build.0 = Debug|Any CPU
		{FFF9C8B8-4007-4A4C-A1D6-51809F8052E9}.Release|Any CPU.ActiveCfg = Release|Any CPU
		{FFF9C8B8-4007-4A4C-A1D6-51809F8052E9}.Release|Any CPU.Build.0 = Release|Any CPU
	EndGlobalSection
	GlobalSection(SolutionProperties) = preSolution
		HideSolutionNode = FALSE
	EndGlobalSection
	GlobalSection(ExtensibilityGlobals) = postSolution
		SolutionGuid = {A937EBC0-0541-4876-8AAA-E9FBE661D6C3}
	EndGlobalSection
EndGlobal
